
Microsoft Visual Studio Solution File, Format Version 12.00
# Visual Studio Version 17
VisualStudioVersion = 17.1.32319.34
MinimumVisualStudioVersion = 10.0.40219.1
Project("{9A19103F-16F7-4668-BE54-9A1E7A4F7556}") = "Daten Typen", "1. Test\Daten Typen.csproj", "{61CD0C00-137D-46B6-9293-DED593017C26}"
EndProject
Project("{9A19103F-16F7-4668-BE54-9A1E7A4F7556}") = "Userinput", "Userinput\Userinput.csproj", "{080343FB-BC90-4279-AE90-F53539E23965}"
EndProject
Project("{9A19103F-16F7-4668-BE54-9A1E7A4F7556}") = "Aufgabe 2", "Aufgabe 2\Aufgabe 2.csproj", "{04825422-9B9A-45DE-A9B8-F93405181FDB}"
EndProject
Project("{9A19103F-16F7-4668-BE54-9A1E7A4F7556}") = "Aufgabe 3", "Aufgabe 3\Aufgabe 3.csproj", "{74B3701A-3141-4CB9-B8AA-6BDEF31829C5}"
EndProject
Project("{9A19103F-16F7-4668-BE54-9A1E7A4F7556}") = "Aufgabe 4", "Aufgabe 4\Aufgabe 4.csproj", "{C9251E94-7E02-4D4B-8669-454C8479BA2C}"
EndProject
Project("{9A19103F-16F7-4668-BE54-9A1E7A4F7556}") = "string Aufgabe", "if Aufgabe\string Aufgabe.csproj", "{2CE9E7CF-3A78-4CA2-9CF5-547473B40ACC}"
EndProject
Project("{9A19103F-16F7-4668-BE54-9A1E7A4F7556}") = "if Temperatur", "if Temperatur\if Temperatur.csproj", "{9605E27E-B28F-47F6-A0D2-8B2618E861FE}"
EndProject
Project("{9A19103F-16F7-4668-BE54-9A1E7A4F7556}") = "if UserName", "if UserName\if UserName.csproj", "{BCC79AD0-BABD-4239-8F16-380618E24C05}"
EndProject
Project("{9A19103F-16F7-4668-BE54-9A1E7A4F7556}") = "if Aufgabe Wetter", "if Aufgabe Wetter\if Aufgabe Wetter.csproj", "{74FEC176-B3EE-4580-AB2A-CA86A0C831E0}"
EndProject
Project("{9A19103F-16F7-4668-BE54-9A1E7A4F7556}") = "if-else-Rechnungen", "if-else-Rechnungen\if-else-Rechnungen.csproj", "{AC1A4949-EFE9-493A-908D-EF3E11FFE368}"
EndProject
Project("{9A19103F-16F7-4668-BE54-9A1E7A4F7556}") = "Switch Ttatment (if) - Ternary Operator (if)", "Switch Ttatment (if) - Ternary Operator (if)\Switch Ttatment (if) - Ternary Operator (if).csproj", "{D66592CB-70D1-47B2-AFC4-CA6D87AD591E}"
EndProject
Project("{9A19103F-16F7-4668-BE54-9A1E7A4F7556}") = "Loop Basis", "Loop Basis\Loop Basis.csproj", "{4CD5C9E8-8F3D-4DD4-96F3-463D4CD26028}"
EndProject
Project("{9A19103F-16F7-4668-BE54-9A1E7A4F7556}") = "Average (Durchschnitt Berechnungen)", "Average (Durchschnitt Berechnungen)\Average (Durchschnitt Berechnungen).csproj", "{86B0410A-B65F-4836-8BCF-87457F5AE503}"
EndProject
Project("{9A19103F-16F7-4668-BE54-9A1E7A4F7556}") = "Average 1", "Average 1\Average 1.csproj", "{649A0E1E-E0F3-4D37-A0EF-C77C5F8E2A01}"
EndProject
Project("{FAE04EC0-301F-11D3-BF4B-00C04F79EFBC}") = "Aufgabe Sammlung", "Aufgabe Sammlung\Aufgabe Sammlung.csproj", "{EFADCFE7-764D-4CF5-ACDC-269B3A46DE02}"
EndProject
Project("{FAE04EC0-301F-11D3-BF4B-00C04F79EFBC}") = "Klassen erstellen", "Klassen erstellen\Klassen erstellen.csproj", "{C523E29D-BB0C-4404-9772-AF6AF58F9EAA}"
EndProject
Project("{FAE04EC0-301F-11D3-BF4B-00C04F79EFBC}") = "Klassen Übung", "Klassen Übung\Klassen Übung.csproj", "{A1DD8795-8608-4ECB-9D28-733BA19669C6}"
EndProject
Global
	GlobalSection(SolutionConfigurationPlatforms) = preSolution
		Debug|Any CPU = Debug|Any CPU
		Release|Any CPU = Release|Any CPU
	EndGlobalSection
	GlobalSection(ProjectConfigurationPlatforms) = postSolution
		{61CD0C00-137D-46B6-9293-DED593017C26}.Debug|Any CPU.ActiveCfg = Debug|Any CPU
		{61CD0C00-137D-46B6-9293-DED593017C26}.Debug|Any CPU.Build.0 = Debug|Any CPU
		{61CD0C00-137D-46B6-9293-DED593017C26}.Release|Any CPU.ActiveCfg = Release|Any CPU
		{61CD0C00-137D-46B6-9293-DED593017C26}.Release|Any CPU.Build.0 = Release|Any CPU
		{080343FB-BC90-4279-AE90-F53539E23965}.Debug|Any CPU.ActiveCfg = Debug|Any CPU
		{080343FB-BC90-4279-AE90-F53539E23965}.Debug|Any CPU.Build.0 = Debug|Any CPU
		{080343FB-BC90-4279-AE90-F53539E23965}.Release|Any CPU.ActiveCfg = Release|Any CPU
		{080343FB-BC90-4279-AE90-F53539E23965}.Release|Any CPU.Build.0 = Release|Any CPU
		{04825422-9B9A-45DE-A9B8-F93405181FDB}.Debug|Any CPU.ActiveCfg = Debug|Any CPU
		{04825422-9B9A-45DE-A9B8-F93405181FDB}.Debug|Any CPU.Build.0 = Debug|Any CPU
		{04825422-9B9A-45DE-A9B8-F93405181FDB}.Release|Any CPU.ActiveCfg = Release|Any CPU
		{04825422-9B9A-45DE-A9B8-F93405181FDB}.Release|Any CPU.Build.0 = Release|Any CPU
		{74B3701A-3141-4CB9-B8AA-6BDEF31829C5}.Debug|Any CPU.ActiveCfg = Debug|Any CPU
		{74B3701A-3141-4CB9-B8AA-6BDEF31829C5}.Debug|Any CPU.Build.0 = Debug|Any CPU
		{74B3701A-3141-4CB9-B8AA-6BDEF31829C5}.Release|Any CPU.ActiveCfg = Release|Any CPU
		{74B3701A-3141-4CB9-B8AA-6BDEF31829C5}.Release|Any CPU.Build.0 = Release|Any CPU
		{C9251E94-7E02-4D4B-8669-454C8479BA2C}.Debug|Any CPU.ActiveCfg = Debug|Any CPU
		{C9251E94-7E02-4D4B-8669-454C8479BA2C}.Debug|Any CPU.Build.0 = Debug|Any CPU
		{C9251E94-7E02-4D4B-8669-454C8479BA2C}.Release|Any CPU.ActiveCfg = Release|Any CPU
		{C9251E94-7E02-4D4B-8669-454C8479BA2C}.Release|Any CPU.Build.0 = Release|Any CPU
		{2CE9E7CF-3A78-4CA2-9CF5-547473B40ACC}.Debug|Any CPU.ActiveCfg = Debug|Any CPU
		{2CE9E7CF-3A78-4CA2-9CF5-547473B40ACC}.Debug|Any CPU.Build.0 = Debug|Any CPU
		{2CE9E7CF-3A78-4CA2-9CF5-547473B40ACC}.Release|Any CPU.ActiveCfg = Release|Any CPU
		{2CE9E7CF-3A78-4CA2-9CF5-547473B40ACC}.Release|Any CPU.Build.0 = Release|Any CPU
		{9605E27E-B28F-47F6-A0D2-8B2618E861FE}.Debug|Any CPU.ActiveCfg = Debug|Any CPU
		{9605E27E-B28F-47F6-A0D2-8B2618E861FE}.Debug|Any CPU.Build.0 = Debug|Any CPU
		{9605E27E-B28F-47F6-A0D2-8B2618E861FE}.Release|Any CPU.ActiveCfg = Release|Any CPU
		{9605E27E-B28F-47F6-A0D2-8B2618E861FE}.Release|Any CPU.Build.0 = Release|Any CPU
		{BCC79AD0-BABD-4239-8F16-380618E24C05}.Debug|Any CPU.ActiveCfg = Debug|Any CPU
		{BCC79AD0-BABD-4239-8F16-380618E24C05}.Debug|Any CPU.Build.0 = Debug|Any CPU
		{BCC79AD0-BABD-4239-8F16-380618E24C05}.Release|Any CPU.ActiveCfg = Release|Any CPU
		{BCC79AD0-BABD-4239-8F16-380618E24C05}.Release|Any CPU.Build.0 = Release|Any CPU
		{74FEC176-B3EE-4580-AB2A-CA86A0C831E0}.Debug|Any CPU.ActiveCfg = Debug|Any CPU
		{74FEC176-B3EE-4580-AB2A-CA86A0C831E0}.Debug|Any CPU.Build.0 = Debug|Any CPU
		{74FEC176-B3EE-4580-AB2A-CA86A0C831E0}.Release|Any CPU.ActiveCfg = Release|Any CPU
		{74FEC176-B3EE-4580-AB2A-CA86A0C831E0}.Release|Any CPU.Build.0 = Release|Any CPU
		{AC1A4949-EFE9-493A-908D-EF3E11FFE368}.Debug|Any CPU.ActiveCfg = Debug|Any CPU
		{AC1A4949-EFE9-493A-908D-EF3E11FFE368}.Debug|Any CPU.Build.0 = Debug|Any CPU
		{AC1A4949-EFE9-493A-908D-EF3E11FFE368}.Release|Any CPU.ActiveCfg = Release|Any CPU
		{AC1A4949-EFE9-493A-908D-EF3E11FFE368}.Release|Any CPU.Build.0 = Release|Any CPU
		{D66592CB-70D1-47B2-AFC4-CA6D87AD591E}.Debug|Any CPU.ActiveCfg = Debug|Any CPU
		{D66592CB-70D1-47B2-AFC4-CA6D87AD591E}.Debug|Any CPU.Build.0 = Debug|Any CPU
		{D66592CB-70D1-47B2-AFC4-CA6D87AD591E}.Release|Any CPU.ActiveCfg = Release|Any CPU
		{D66592CB-70D1-47B2-AFC4-CA6D87AD591E}.Release|Any CPU.Build.0 = Release|Any CPU
		{4CD5C9E8-8F3D-4DD4-96F3-463D4CD26028}.Debug|Any CPU.ActiveCfg = Debug|Any CPU
		{4CD5C9E8-8F3D-4DD4-96F3-463D4CD26028}.Debug|Any CPU.Build.0 = Debug|Any CPU
		{4CD5C9E8-8F3D-4DD4-96F3-463D4CD26028}.Release|Any CPU.ActiveCfg = Release|Any CPU
		{4CD5C9E8-8F3D-4DD4-96F3-463D4CD26028}.Release|Any CPU.Build.0 = Release|Any CPU
		{86B0410A-B65F-4836-8BCF-87457F5AE503}.Debug|Any CPU.ActiveCfg = Debug|Any CPU
		{86B0410A-B65F-4836-8BCF-87457F5AE503}.Debug|Any CPU.Build.0 = Debug|Any CPU
		{86B0410A-B65F-4836-8BCF-87457F5AE503}.Release|Any CPU.ActiveCfg = Release|Any CPU
		{86B0410A-B65F-4836-8BCF-87457F5AE503}.Release|Any CPU.Build.0 = Release|Any CPU
		{649A0E1E-E0F3-4D37-A0EF-C77C5F8E2A01}.Debug|Any CPU.ActiveCfg = Debug|Any CPU
		{649A0E1E-E0F3-4D37-A0EF-C77C5F8E2A01}.Debug|Any CPU.Build.0 = Debug|Any CPU
		{649A0E1E-E0F3-4D37-A0EF-C77C5F8E2A01}.Release|Any CPU.ActiveCfg = Release|Any CPU
		{649A0E1E-E0F3-4D37-A0EF-C77C5F8E2A01}.Release|Any CPU.Build.0 = Release|Any CPU
		{EFADCFE7-764D-4CF5-ACDC-269B3A46DE02}.Debug|Any CPU.ActiveCfg = Debug|Any CPU
		{EFADCFE7-764D-4CF5-ACDC-269B3A46DE02}.Debug|Any CPU.Build.0 = Debug|Any CPU
		{EFADCFE7-764D-4CF5-ACDC-269B3A46DE02}.Release|Any CPU.ActiveCfg = Release|Any CPU
		{EFADCFE7-764D-4CF5-ACDC-269B3A46DE02}.Release|Any CPU.Build.0 = Release|Any CPU
		{C523E29D-BB0C-4404-9772-AF6AF58F9EAA}.Debug|Any CPU.ActiveCfg = Debug|Any CPU
		{C523E29D-BB0C-4404-9772-AF6AF58F9EAA}.Debug|Any CPU.Build.0 = Debug|Any CPU
		{C523E29D-BB0C-4404-9772-AF6AF58F9EAA}.Release|Any CPU.ActiveCfg = Release|Any CPU
		{C523E29D-BB0C-4404-9772-AF6AF58F9EAA}.Release|Any CPU.Build.0 = Release|Any CPU
		{A1DD8795-8608-4ECB-9D28-733BA19669C6}.Debug|Any CPU.ActiveCfg = Debug|Any CPU
		{A1DD8795-8608-4ECB-9D28-733BA19669C6}.Debug|Any CPU.Build.0 = Debug|Any CPU
		{A1DD8795-8608-4ECB-9D28-733BA19669C6}.Release|Any CPU.ActiveCfg = Release|Any CPU
		{A1DD8795-8608-4ECB-9D28-733BA19669C6}.Release|Any CPU.Build.0 = Release|Any CPU
	EndGlobalSection
	GlobalSection(SolutionProperties) = preSolution
		HideSolutionNode = FALSE
	EndGlobalSection
	GlobalSection(ExtensibilityGlobals) = postSolution
		SolutionGuid = {20FD3A3B-E41A-499C-A1C0-207F385F4DA8}
	EndGlobalSection
EndGlobal
